Microsoft Visual Studio Solution File, Format Version 12.00
# Visual Studio Version 17
VisualStudioVersion = 17.5.2.0
MinimumVisualStudioVersion = 10.0.40219.1
Project("{FAE04EC0-301F-11D3-BF4B-00C04F79EFBC}") = "WebshopBackend", "WebShopBackend\WebshopBackend.csproj", "{87E7D82F-13F5-A0A1-A024-93BC480CCAD2}"
EndProject
Global
	GlobalSection(SolutionConfigurationPlatforms) = preSolution
		Debug|Any CPU = Debug|Any CPU
		Release|Any CPU = Release|Any CPU
	EndGlobalSection
	GlobalSection(ProjectConfigurationPlatforms) = postSolution
		{87E7D82F-13F5-A0A1-A024-93BC480CCAD2}.Debug|Any CPU.ActiveCfg = Debug|Any CPU
		{87E7D82F-13F5-A0A1-A024-93BC480CCAD2}.Debug|Any CPU.Build.0 = Debug|Any CPU
		{87E7D82F-13F5-A0A1-A024-93BC480CCAD2}.Release|Any CPU.ActiveCfg = Release|Any CPU
		{87E7D82F-13F5-A0A1-A024-93BC480CCAD2}.Release|Any CPU.Build.0 = Release|Any CPU
	EndGlobalSection
	GlobalSection(SolutionProperties) = preSolution
		HideSolutionNode = FALSE
	EndGlobalSection
	GlobalSection(ExtensibilityGlobals) = postSolution
		SolutionGuid = {069C6740-01A7-4FA4-BB9B-0A6F3BE905E6}
	EndGlobalSection
EndGlobal
